
Microsoft Visual Studio Solution File, Format Version 12.00
# Visual Studio 2012
Project("{FAE04EC0-301F-11D3-BF4B-00C04F79EFBC}") = "Employees", "Employees\Employees.csproj", "{CAA04417-63AB-463F-977D-2903171BBBA4}"
EndProject
Global
	GlobalSection(SolutionConfigurationPlatforms) = preSolution
		Debug|Any CPU = Debug|Any CPU
		Release|Any CPU = Release|Any CPU
	EndGlobalSection
	GlobalSection(ProjectConfigurationPlatforms) = postSolution
		{CAA04417-63AB-463F-977D-2903171BBBA4}.Debug|Any CPU.ActiveCfg = Debug|Any CPU
		{CAA04417-63AB-463F-977D-2903171BBBA4}.Debug|Any CPU.Build.0 = Debug|Any CPU
		{CAA04417-63AB-463F-977D-2903171BBBA4}.Release|Any CPU.ActiveCfg = Release|Any CPU
		{CAA04417-63AB-463F-977D-2903171BBBA4}.Release|Any CPU.Build.0 = Release|Any CPU
	EndGlobalSection
	GlobalSection(SolutionProperties) = preSolution
		HideSolutionNode = FALSE
	EndGlobalSection
EndGlobal
