
Microsoft Visual Studio Solution File, Format Version 12.00
# Visual Studio 2012
Project("{FAE04EC0-301F-11D3-BF4B-00C04F79EFBC}") = "01. RefactorPage", "01. RefactorPage\01. RefactorPage.csproj", "{D92491F2-903D-447C-93C5-7CC364DD7657}"
EndProject
Project("{FAE04EC0-301F-11D3-BF4B-00C04F79EFBC}") = "02. SamplePage1", "02. SamplePage1\02. SamplePage1.csproj", "{D153206E-3853-43B8-A358-4965E000494A}"
EndProject
Project("{FAE04EC0-301F-11D3-BF4B-00C04F79EFBC}") = "03. SamplePage2", "03. SamplePage2\03. SamplePage2.csproj", "{27E12ECB-7481-4F0B-B69E-D0FFE9EFD861}"
EndProject
Global
	GlobalSection(SolutionConfigurationPlatforms) = preSolution
		Debug|Any CPU = Debug|Any CPU
		Release|Any CPU = Release|Any CPU
	EndGlobalSection
	GlobalSection(ProjectConfigurationPlatforms) = postSolution
		{D92491F2-903D-447C-93C5-7CC364DD7657}.Debug|Any CPU.ActiveCfg = Debug|Any CPU
		{D92491F2-903D-447C-93C5-7CC364DD7657}.Debug|Any CPU.Build.0 = Debug|Any CPU
		{D92491F2-903D-447C-93C5-7CC364DD7657}.Release|Any CPU.ActiveCfg = Release|Any CPU
		{D92491F2-903D-447C-93C5-7CC364DD7657}.Release|Any CPU.Build.0 = Release|Any CPU
		{D153206E-3853-43B8-A358-4965E000494A}.Debug|Any CPU.ActiveCfg = Debug|Any CPU
		{D153206E-3853-43B8-A358-4965E000494A}.Debug|Any CPU.Build.0 = Debug|Any CPU
		{D153206E-3853-43B8-A358-4965E000494A}.Release|Any CPU.ActiveCfg = Release|Any CPU
		{D153206E-3853-43B8-A358-4965E000494A}.Release|Any CPU.Build.0 = Release|Any CPU
		{27E12ECB-7481-4F0B-B69E-D0FFE9EFD861}.Debug|Any CPU.ActiveCfg = Debug|Any CPU
		{27E12ECB-7481-4F0B-B69E-D0FFE9EFD861}.Debug|Any CPU.Build.0 = Debug|Any CPU
		{27E12ECB-7481-4F0B-B69E-D0FFE9EFD861}.Release|Any CPU.ActiveCfg = Release|Any CPU
		{27E12ECB-7481-4F0B-B69E-D0FFE9EFD861}.Release|Any CPU.Build.0 = Release|Any CPU
	EndGlobalSection
	GlobalSection(SolutionProperties) = preSolution
		HideSolutionNode = FALSE
	EndGlobalSection
EndGlobal
